// !$*UTF8*$!
{
	archiveVersion = 1;
	classes = {
	};
	objectVersion = 56;
	objects = {

/* Begin PBXBuildFile section */
		150015A0289812A800741C3E /* TryWidgetForLockScreenApp.swift in Sources */ = {isa = PBXBuildFile; fileRef = 1500159F289812A800741C3E /* TryWidgetForLockScreenApp.swift */; };
		150015A2289812A800741C3E /* ContentView.swift in Sources */ = {isa = PBXBuildFile; fileRef = 150015A1289812A800741C3E /* ContentView.swift */; };
		150015A4289812A900741C3E /* Assets.xcassets in Resources */ = {isa = PBXBuildFile; fileRef = 150015A3289812A900741C3E /* Assets.xcassets */; };
		150015A7289812A900741C3E /* Preview Assets.xcassets in Resources */ = {isa = PBXBuildFile; fileRef = 150015A6289812A900741C3E /* Preview Assets.xcassets */; };
		150015B42898131E00741C3E /* WidgetKit.framework in Frameworks */ = {isa = PBXBuildFile; fileRef = 150015B32898131D00741C3E /* WidgetKit.framework */; };
		150015B62898131E00741C3E /* SwiftUI.framework in Frameworks */ = {isa = PBXBuildFile; fileRef = 150015B52898131E00741C3E /* SwiftUI.framework */; };
		150015B92898131E00741C3E /* Widgets.swift in Sources */ = {isa = PBXBuildFile; fileRef = 150015B82898131E00741C3E /* Widgets.swift */; };
		150015BC2898131F00741C3E /* Assets.xcassets in Resources */ = {isa = PBXBuildFile; fileRef = 150015BB2898131F00741C3E /* Assets.xcassets */; };
		150015BE2898131F00741C3E /* Widgets.intentdefinition in Sources */ = {isa = PBXBuildFile; fileRef = 150015BA2898131E00741C3E /* Widgets.intentdefinition */; };
		150015BF2898131F00741C3E /* Widgets.intentdefinition in Sources */ = {isa = PBXBuildFile; fileRef = 150015BA2898131E00741C3E /* Widgets.intentdefinition */; };
		150015C22898131F00741C3E /* WidgetsExtension.appex in Embed Foundation Extensions */ = {isa = PBXBuildFile; fileRef = 150015B12898131D00741C3E /* WidgetsExtension.appex */; settings = {ATTRIBUTES = (RemoveHeadersOnCopy, ); }; };
		150015CC2898135C00741C3E /* SimpleEntry.swift in Sources */ = {isa = PBXBuildFile; fileRef = 150015CA2898135A00741C3E /* SimpleEntry.swift */; };
		150015CD2898136000741C3E /* Provider.swift in Sources */ = {isa = PBXBuildFile; fileRef = 150015C82898134500741C3E /* Provider.swift */; };
		151E6B17289AFA080080958B /* InputTextWidget.swift in Sources */ = {isa = PBXBuildFile; fileRef = 151E6B16289AFA080080958B /* InputTextWidget.swift */; };
		15EB035528981B4100653D8D /* WeatherConditionsWidget.swift in Sources */ = {isa = PBXBuildFile; fileRef = 15EB035328981B1800653D8D /* WeatherConditionsWidget.swift */; };
		15EB035828981DF200653D8D /* SunSetTimeWidget.swift in Sources */ = {isa = PBXBuildFile; fileRef = 15EB035628981DEE00653D8D /* SunSetTimeWidget.swift */; };
		15EB035B2898209200653D8D /* NewsWidget.swift in Sources */ = {isa = PBXBuildFile; fileRef = 15EB035928981FEC00653D8D /* NewsWidget.swift */; };
		15EB035D2898222800653D8D /* TemperatureWidget.swift in Sources */ = {isa = PBXBuildFile; fileRef = 15EB035C2898222800653D8D /* TemperatureWidget.swift */; };
		15EB035F2898244600653D8D /* RainyPercentWidget.swift in Sources */ = {isa = PBXBuildFile; fileRef = 15EB035E2898244600653D8D /* RainyPercentWidget.swift */; };
		B5E3B6F628D1FD7400A6D46C /* GaugeView.swift in Sources */ = {isa = PBXBuildFile; fileRef = B5E3B6F528D1FD7400A6D46C /* GaugeView.swift */; };
/* End PBXBuildFile section */

/* Begin PBXContainerItemProxy section */
		150015C02898131F00741C3E /* PBXContainerItemProxy */ = {
			isa = PBXContainerItemProxy;
			containerPortal = 15001594289812A800741C3E /* Project object */;
			proxyType = 1;
			remoteGlobalIDString = 150015B02898131D00741C3E;
			remoteInfo = SampleWidgetExtension;
		};
/* End PBXContainerItemProxy section */

/* Begin PBXCopyFilesBuildPhase section */
		150015C62898131F00741C3E /* Embed Foundation Extensions */ = {
			isa = PBXCopyFilesBuildPhase;
			buildActionMask = 2147483647;
			dstPath = "";
			dstSubfolderSpec = 13;
			files = (
				150015C22898131F00741C3E /* WidgetsExtension.appex in Embed Foundation Extensions */,
			);
			name = "Embed Foundation Extensions";
			runOnlyForDeploymentPostprocessing = 0;
		};
/* End PBXCopyFilesBuildPhase section */

/* Begin PBXFileReference section */
		1500159C289812A800741C3E /* TryWidgetForLockScreen.app */ = {isa = PBXFileReference; explicitFileType = wrapper.application; includeInIndex = 0; path = TryWidgetForLockScreen.app; sourceTree = BUILT_PRODUCTS_DIR; };
		1500159F289812A800741C3E /* TryWidgetForLockScreenApp.swift */ = {isa = PBXFileReference; lastKnownFileType = sourcecode.swift; path = TryWidgetForLockScreenApp.swift; sourceTree = "<group>"; };
		150015A1289812A800741C3E /* ContentView.swift */ = {isa = PBXFileReference; lastKnownFileType = sourcecode.swift; path = ContentView.swift; sourceTree = "<group>"; };
		150015A3289812A900741C3E /* Assets.xcassets */ = {isa = PBXFileReference; lastKnownFileType = folder.assetcatalog; path = Assets.xcassets; sourceTree = "<group>"; };
		150015A6289812A900741C3E /* Preview Assets.xcassets */ = {isa = PBXFileReference; lastKnownFileType = folder.assetcatalog; path = "Preview Assets.xcassets"; sourceTree = "<group>"; };
		150015B12898131D00741C3E /* WidgetsExtension.appex */ = {isa = PBXFileReference; explicitFileType = "wrapper.app-extension"; includeInIndex = 0; path = WidgetsExtension.appex; sourceTree = BUILT_PRODUCTS_DIR; };
		150015B32898131D00741C3E /* WidgetKit.framework */ = {isa = PBXFileReference; lastKnownFileType = wrapper.framework; name = WidgetKit.framework; path = System/Library/Frameworks/WidgetKit.framework; sourceTree = SDKROOT; };
		150015B52898131E00741C3E /* SwiftUI.framework */ = {isa = PBXFileReference; lastKnownFileType = wrapper.framework; name = SwiftUI.framework; path = System/Library/Frameworks/SwiftUI.framework; sourceTree = SDKROOT; };
		150015B82898131E00741C3E /* Widgets.swift */ = {isa = PBXFileReference; lastKnownFileType = sourcecode.swift; path = Widgets.swift; sourceTree = "<group>"; };
		150015BA2898131E00741C3E /* Widgets.intentdefinition */ = {isa = PBXFileReference; lastKnownFileType = file.intentdefinition; path = Widgets.intentdefinition; sourceTree = "<group>"; };
		150015BB2898131F00741C3E /* Assets.xcassets */ = {isa = PBXFileReference; lastKnownFileType = folder.assetcatalog; path = Assets.xcassets; sourceTree = "<group>"; };
		150015BD2898131F00741C3E /* Info.plist */ = {isa = PBXFileReference; lastKnownFileType = text.plist.xml; path = Info.plist; sourceTree = "<group>"; };
		150015C82898134500741C3E /* Provider.swift */ = {isa = PBXFileReference; lastKnownFileType = sourcecode.swift; path = Provider.swift; sourceTree = "<group>"; };
		150015CA2898135A00741C3E /* SimpleEntry.swift */ = {isa = PBXFileReference; lastKnownFileType = sourcecode.swift; path = SimpleEntry.swift; sourceTree = "<group>"; };
		151E6B16289AFA080080958B /* InputTextWidget.swift */ = {isa = PBXFileReference; lastKnownFileType = sourcecode.swift; path = InputTextWidget.swift; sourceTree = "<group>"; };
		15CCF689289AE914007D9F5F /* TryWidgetForLockScreen.entitlements */ = {isa = PBXFileReference; lastKnownFileType = text.plist.entitlements; path = TryWidgetForLockScreen.entitlements; sourceTree = "<group>"; };
		15CCF68A289AEAF3007D9F5F /* WidgetsExtension.entitlements */ = {isa = PBXFileReference; lastKnownFileType = text.plist.entitlements; path = WidgetsExtension.entitlements; sourceTree = "<group>"; };
		15EB035328981B1800653D8D /* WeatherConditionsWidget.swift */ = {isa = PBXFileReference; lastKnownFileType = sourcecode.swift; path = WeatherConditionsWidget.swift; sourceTree = "<group>"; };
		15EB035628981DEE00653D8D /* SunSetTimeWidget.swift */ = {isa = PBXFileReference; lastKnownFileType = sourcecode.swift; path = SunSetTimeWidget.swift; sourceTree = "<group>"; };
		15EB035928981FEC00653D8D /* NewsWidget.swift */ = {isa = PBXFileReference; lastKnownFileType = sourcecode.swift; path = NewsWidget.swift; sourceTree = "<group>"; };
		15EB035C2898222800653D8D /* TemperatureWidget.swift */ = {isa = PBXFileReference; lastKnownFileType = sourcecode.swift; path = TemperatureWidget.swift; sourceTree = "<group>"; };
		15EB035E2898244600653D8D /* RainyPercentWidget.swift */ = {isa = PBXFileReference; lastKnownFileType = sourcecode.swift; path = RainyPercentWidget.swift; sourceTree = "<group>"; };
		B5E3B6F528D1FD7400A6D46C /* GaugeView.swift */ = {isa = PBXFileReference; lastKnownFileType = sourcecode.swift; path = GaugeView.swift; sourceTree = "<group>"; };
/* End PBXFileReference section */

/* Begin PBXFrameworksBuildPhase section */
		15001599289812A800741C3E /* Frameworks */ = {
			isa = PBXFrameworksBuildPhase;
			buildActionMask = 2147483647;
			files = (
			);
			runOnlyForDeploymentPostprocessing = 0;
		};
		150015AE2898131D00741C3E /* Frameworks */ = {
			isa = PBXFrameworksBuildPhase;
			buildActionMask = 2147483647;
			files = (
				150015B62898131E00741C3E /* SwiftUI.framework in Frameworks */,
				150015B42898131E00741C3E /* WidgetKit.framework in Frameworks */,
			);
			runOnlyForDeploymentPostprocessing = 0;
		};
/* End PBXFrameworksBuildPhase section */

/* Begin PBXGroup section */
		15001593289812A800741C3E = {
			isa = PBXGroup;
			children = (
				15CCF68A289AEAF3007D9F5F /* WidgetsExtension.entitlements */,
				150015B22898131D00741C3E /* Frameworks */,
				1500159D289812A800741C3E /* Products */,
				1500159E289812A800741C3E /* TryWidgetForLockScreen */,
				150015B72898131E00741C3E /* Widgets */,
			);
			sourceTree = "<group>";
		};
		1500159D289812A800741C3E /* Products */ = {
			isa = PBXGroup;
			children = (
				1500159C289812A800741C3E /* TryWidgetForLockScreen.app */,
				150015B12898131D00741C3E /* WidgetsExtension.appex */,
			);
			name = Products;
			sourceTree = "<group>";
		};
		1500159E289812A800741C3E /* TryWidgetForLockScreen */ = {
			isa = PBXGroup;
			children = (
				15CCF689289AE914007D9F5F /* TryWidgetForLockScreen.entitlements */,
				1500159F289812A800741C3E /* TryWidgetForLockScreenApp.swift */,
				150015A1289812A800741C3E /* ContentView.swift */,
				B5E3B6F528D1FD7400A6D46C /* GaugeView.swift */,
				150015A3289812A900741C3E /* Assets.xcassets */,
				150015A5289812A900741C3E /* Preview Content */,
			);
			path = TryWidgetForLockScreen;
			sourceTree = "<group>";
		};
		150015A5289812A900741C3E /* Preview Content */ = {
			isa = PBXGroup;
			children = (
				150015A6289812A900741C3E /* Preview Assets.xcassets */,
			);
			path = "Preview Content";
			sourceTree = "<group>";
		};
		150015B22898131D00741C3E /* Frameworks */ = {
			isa = PBXGroup;
			children = (
				150015B32898131D00741C3E /* WidgetKit.framework */,
				150015B52898131E00741C3E /* SwiftUI.framework */,
			);
			name = Frameworks;
			sourceTree = "<group>";
		};
		150015B72898131E00741C3E /* Widgets */ = {
			isa = PBXGroup;
			children = (
				150015BA2898131E00741C3E /* Widgets.intentdefinition */,
				150015BD2898131F00741C3E /* Info.plist */,
				150015C82898134500741C3E /* Provider.swift */,
				150015CA2898135A00741C3E /* SimpleEntry.swift */,
				150015B82898131E00741C3E /* Widgets.swift */,
				150015BB2898131F00741C3E /* Assets.xcassets */,
				15EB035228981B0100653D8D /* Widget */,
			);
			path = Widgets;
			sourceTree = "<group>";
		};
		15EB035228981B0100653D8D /* Widget */ = {
			isa = PBXGroup;
			children = (
				15EB035328981B1800653D8D /* WeatherConditionsWidget.swift */,
				15EB035628981DEE00653D8D /* SunSetTimeWidget.swift */,
				15EB035928981FEC00653D8D /* NewsWidget.swift */,
				15EB035C2898222800653D8D /* TemperatureWidget.swift */,
				15EB035E2898244600653D8D /* RainyPercentWidget.swift */,
				151E6B16289AFA080080958B /* InputTextWidget.swift */,
			);
			path = Widget;
			sourceTree = "<group>";
		};
/* End PBXGroup section */

/* Begin PBXNativeTarget section */
		1500159B289812A800741C3E /* TryWidgetForLockScreen */ = {
			isa = PBXNativeTarget;
			buildConfigurationList = 150015AA289812A900741C3E /* Build configuration list for PBXNativeTarget "TryWidgetForLockScreen" */;
			buildPhases = (
				15001598289812A800741C3E /* Sources */,
				15001599289812A800741C3E /* Frameworks */,
				1500159A289812A800741C3E /* Resources */,
				150015C62898131F00741C3E /* Embed Foundation Extensions */,
			);
			buildRules = (
			);
			dependencies = (
				150015C12898131F00741C3E /* PBXTargetDependency */,
			);
			name = TryWidgetForLockScreen;
			productName = TryWidgetForLockScreen;
			productReference = 1500159C289812A800741C3E /* TryWidgetForLockScreen.app */;
			productType = "com.apple.product-type.application";
		};
		150015B02898131D00741C3E /* WidgetsExtension */ = {
			isa = PBXNativeTarget;
			buildConfigurationList = 150015C32898131F00741C3E /* Build configuration list for PBXNativeTarget "WidgetsExtension" */;
			buildPhases = (
				150015AD2898131D00741C3E /* Sources */,
				150015AE2898131D00741C3E /* Frameworks */,
				150015AF2898131D00741C3E /* Resources */,
			);
			buildRules = (
			);
			dependencies = (
			);
			name = WidgetsExtension;
			productName = SampleWidgetExtension;
			productReference = 150015B12898131D00741C3E /* WidgetsExtension.appex */;
			productType = "com.apple.product-type.app-extension";
		};
/* End PBXNativeTarget section */

/* Begin PBXProject section */
		15001594289812A800741C3E /* Project object */ = {
			isa = PBXProject;
			attributes = {
				BuildIndependentTargetsInParallel = 1;
				LastSwiftUpdateCheck = 1400;
				LastUpgradeCheck = 1400;
				TargetAttributes = {
					1500159B289812A800741C3E = {
						CreatedOnToolsVersion = 14.0;
					};
					150015B02898131D00741C3E = {
						CreatedOnToolsVersion = 14.0;
					};
				};
			};
			buildConfigurationList = 15001597289812A800741C3E /* Build configuration list for PBXProject "TryWidgetForLockScreen" */;
			compatibilityVersion = "Xcode 14.0";
			developmentRegion = en;
			hasScannedForEncodings = 0;
			knownRegions = (
				en,
				Base,
			);
			mainGroup = 15001593289812A800741C3E;
			productRefGroup = 1500159D289812A800741C3E /* Products */;
			projectDirPath = "";
			projectRoot = "";
			targets = (
				1500159B289812A800741C3E /* TryWidgetForLockScreen */,
				150015B02898131D00741C3E /* WidgetsExtension */,
			);
		};
/* End PBXProject section */

/* Begin PBXResourcesBuildPhase section */
		1500159A289812A800741C3E /* Resources */ = {
			isa = PBXResourcesBuildPhase;
			buildActionMask = 2147483647;
			files = (
				150015A7289812A900741C3E /* Preview Assets.xcassets in Resources */,
				150015A4289812A900741C3E /* Assets.xcassets in Resources */,
			);
			runOnlyForDeploymentPostprocessing = 0;
		};
		150015AF2898131D00741C3E /* Resources */ = {
			isa = PBXResourcesBuildPhase;
			buildActionMask = 2147483647;
			files = (
				150015BC2898131F00741C3E /* Assets.xcassets in Resources */,
			);
			runOnlyForDeploymentPostprocessing = 0;
		};
/* End PBXResourcesBuildPhase section */

/* Begin PBXSourcesBuildPhase section */
		15001598289812A800741C3E /* Sources */ = {
			isa = PBXSourcesBuildPhase;
			buildActionMask = 2147483647;
			files = (
				150015BF2898131F00741C3E /* Widgets.intentdefinition in Sources */,
				150015A2289812A800741C3E /* ContentView.swift in Sources */,
				B5E3B6F628D1FD7400A6D46C /* GaugeView.swift in Sources */,
				150015A0289812A800741C3E /* TryWidgetForLockScreenApp.swift in Sources */,
			);
			runOnlyForDeploymentPostprocessing = 0;
		};
		150015AD2898131D00741C3E /* Sources */ = {
			isa = PBXSourcesBuildPhase;
			buildActionMask = 2147483647;
			files = (
				15EB035B2898209200653D8D /* NewsWidget.swift in Sources */,
				150015CD2898136000741C3E /* Provider.swift in Sources */,
				15EB035F2898244600653D8D /* RainyPercentWidget.swift in Sources */,
				150015CC2898135C00741C3E /* SimpleEntry.swift in Sources */,
				15EB035528981B4100653D8D /* WeatherConditionsWidget.swift in Sources */,
				15EB035D2898222800653D8D /* TemperatureWidget.swift in Sources */,
				150015BE2898131F00741C3E /* Widgets.intentdefinition in Sources */,
				151E6B17289AFA080080958B /* InputTextWidget.swift in Sources */,
				15EB035828981DF200653D8D /* SunSetTimeWidget.swift in Sources */,
				150015B92898131E00741C3E /* Widgets.swift in Sources */,
			);
			runOnlyForDeploymentPostprocessing = 0;
		};
/* End PBXSourcesBuildPhase section */

/* Begin PBXTargetDependency section */
		150015C12898131F00741C3E /* PBXTargetDependency */ = {
			isa = PBXTargetDependency;
			target = 150015B02898131D00741C3E /* WidgetsExtension */;
			targetProxy = 150015C02898131F00741C3E /* PBXContainerItemProxy */;
		};
/* End PBXTargetDependency section */

/* Begin XCBuildConfiguration section */
		150015A8289812A900741C3E /* Debug */ = {
			isa = XCBuildConfiguration;
			buildSettings = {
				ALWAYS_SEARCH_USER_PATHS = NO;
				CLANG_ANALYZER_NONNULL = YES;
				CLANG_ANALYZER_NUMBER_OBJECT_CONVERSION = YES_AGGRESSIVE;
				CLANG_CXX_LANGUAGE_STANDARD = "gnu++20";
				CLANG_ENABLE_MODULES = YES;
				CLANG_ENABLE_OBJC_ARC = YES;
				CLANG_ENABLE_OBJC_WEAK = YES;
				CLANG_WARN_BLOCK_CAPTURE_AUTORELEASING = YES;
				CLANG_WARN_BOOL_CONVERSION = YES;
				CLANG_WARN_COMMA = YES;
				CLANG_WARN_CONSTANT_CONVERSION = YES;
				CLANG_WARN_DEPRECATED_OBJC_IMPLEMENTATIONS = YES;
				CLANG_WARN_DIRECT_OBJC_ISA_USAGE = YES_ERROR;
				CLANG_WARN_DOCUMENTATION_COMMENTS = YES;
				CLANG_WARN_EMPTY_BODY = YES;
				CLANG_WARN_ENUM_CONVERSION = YES;
				CLANG_WARN_INFINITE_RECURSION = YES;
				CLANG_WARN_INT_CONVERSION = YES;
				CLANG_WARN_NON_LITERAL_NULL_CONVERSION = YES;
				CLANG_WARN_OBJC_IMPLICIT_RETAIN_SELF = YES;
				CLANG_WARN_OBJC_LITERAL_CONVERSION = YES;
				CLANG_WARN_OBJC_ROOT_CLASS = YES_ERROR;
				CLANG_WARN_QUOTED_INCLUDE_IN_FRAMEWORK_HEADER = YES;
				CLANG_WARN_RANGE_LOOP_ANALYSIS = YES;
				CLANG_WARN_STRICT_PROTOTYPES = YES;
				CLANG_WARN_SUSPICIOUS_MOVE = YES;
				CLANG_WARN_UNGUARDED_AVAILABILITY = YES_AGGRESSIVE;
				CLANG_WARN_UNREACHABLE_CODE = YES;
				CLANG_WARN__DUPLICATE_METHOD_MATCH = YES;
				COPY_PHASE_STRIP = NO;
				DEBUG_INFORMATION_FORMAT = dwarf;
				ENABLE_STRICT_OBJC_MSGSEND = YES;
				ENABLE_TESTABILITY = YES;
				GCC_C_LANGUAGE_STANDARD = gnu11;
				GCC_DYNAMIC_NO_PIC = NO;
				GCC_NO_COMMON_BLOCKS = YES;
				GCC_OPTIMIZATION_LEVEL = 0;
				GCC_PREPROCESSOR_DEFINITIONS = (
					"DEBUG=1",
					"$(inherited)",
				);
				GCC_WARN_64_TO_32_BIT_CONVERSION = YES;
				GCC_WARN_ABOUT_RETURN_TYPE = YES_ERROR;
				GCC_WARN_UNDECLARED_SELECTOR = YES;
				GCC_WARN_UNINITIALIZED_AUTOS = YES_AGGRESSIVE;
				GCC_WARN_UNUSED_FUNCTION = YES;
				GCC_WARN_UNUSED_VARIABLE = YES;
				IPHONEOS_DEPLOYMENT_TARGET = 16.0;
				MTL_ENABLE_DEBUG_INFO = INCLUDE_SOURCE;
				MTL_FAST_MATH = YES;
				ONLY_ACTIVE_ARCH = YES;
				SDKROOT = iphoneos;
				SWIFT_ACTIVE_COMPILATION_CONDITIONS = DEBUG;
				SWIFT_OPTIMIZATION_LEVEL = "-Onone";
			};
			name = Debug;
		};
		150015A9289812A900741C3E /* Release */ = {
			isa = XCBuildConfiguration;
			buildSettings = {
				ALWAYS_SEARCH_USER_PATHS = NO;
				CLANG_ANALYZER_NONNULL = YES;
				CLANG_ANALYZER_NUMBER_OBJECT_CONVERSION = YES_AGGRESSIVE;
				CLANG_CXX_LANGUAGE_STANDARD = "gnu++20";
				CLANG_ENABLE_MODULES = YES;
				CLANG_ENABLE_OBJC_ARC = YES;
				CLANG_ENABLE_OBJC_WEAK = YES;
				CLANG_WARN_BLOCK_CAPTURE_AUTORELEASING = YES;
				CLANG_WARN_BOOL_CONVERSION = YES;
				CLANG_WARN_COMMA = YES;
				CLANG_WARN_CONSTANT_CONVERSION = YES;
				CLANG_WARN_DEPRECATED_OBJC_IMPLEMENTATIONS = YES;
				CLANG_WARN_DIRECT_OBJC_ISA_USAGE = YES_ERROR;
				CLANG_WARN_DOCUMENTATION_COMMENTS = YES;
				CLANG_WARN_EMPTY_BODY = YES;
				CLANG_WARN_ENUM_CONVERSION = YES;
				CLANG_WARN_INFINITE_RECURSION = YES;
				CLANG_WARN_INT_CONVERSION = YES;
				CLANG_WARN_NON_LITERAL_NULL_CONVERSION = YES;
				CLANG_WARN_OBJC_IMPLICIT_RETAIN_SELF = YES;
				CLANG_WARN_OBJC_LITERAL_CONVERSION = YES;
				CLANG_WARN_OBJC_ROOT_CLASS = YES_ERROR;
				CLANG_WARN_QUOTED_INCLUDE_IN_FRAMEWORK_HEADER = YES;
				CLANG_WARN_RANGE_LOOP_ANALYSIS = YES;
				CLANG_WARN_STRICT_PROTOTYPES = YES;
				CLANG_WARN_SUSPICIOUS_MOVE = YES;
				CLANG_WARN_UNGUARDED_AVAILABILITY = YES_AGGRESSIVE;
				CLANG_WARN_UNREACHABLE_CODE = YES;
				CLANG_WARN__DUPLICATE_METHOD_MATCH = YES;
				COPY_PHASE_STRIP = NO;
				DEBUG_INFORMATION_FORMAT = "dwarf-with-dsym";
				ENABLE_NS_ASSERTIONS = NO;
				ENABLE_STRICT_OBJC_MSGSEND = YES;
				GCC_C_LANGUAGE_STANDARD = gnu11;
				GCC_NO_COMMON_BLOCKS = YES;
				GCC_WARN_64_TO_32_BIT_CONVERSION = YES;
				GCC_WARN_ABOUT_RETURN_TYPE = YES_ERROR;
				GCC_WARN_UNDECLARED_SELECTOR = YES;
				GCC_WARN_UNINITIALIZED_AUTOS = YES_AGGRESSIVE;
				GCC_WARN_UNUSED_FUNCTION = YES;
				GCC_WARN_UNUSED_VARIABLE = YES;
				IPHONEOS_DEPLOYMENT_TARGET = 16.0;
				MTL_ENABLE_DEBUG_INFO = NO;
				MTL_FAST_MATH = YES;
				SDKROOT = iphoneos;
				SWIFT_COMPILATION_MODE = wholemodule;
				SWIFT_OPTIMIZATION_LEVEL = "-O";
				VALIDATE_PRODUCT = YES;
			};
			name = Release;
		};
		150015AB289812A900741C3E /* Debug */ = {
			isa = XCBuildConfiguration;
			buildSettings = {
				ALWAYS_EMBED_SWIFT_STANDARD_LIBRARIES = YES;
				ASSETCATALOG_COMPILER_APPICON_NAME = AppIcon;
				ASSETCATALOG_COMPILER_GLOBAL_ACCENT_COLOR_NAME = AccentColor;
				CODE_SIGN_ENTITLEMENTS = TryWidgetForLockScreen/TryWidgetForLockScreen.entitlements;
				CODE_SIGN_STYLE = Automatic;
				CURRENT_PROJECT_VERSION = 1;
				DEVELOPMENT_ASSET_PATHS = "\"TryWidgetForLockScreen/Preview Content\"";
				DEVELOPMENT_TEAM = 65VW7XZNV5;
				ENABLE_PREVIEWS = YES;
				GENERATE_INFOPLIST_FILE = YES;
				INFOPLIST_KEY_UIApplicationSceneManifest_Generation = YES;
				INFOPLIST_KEY_UIApplicationSupportsIndirectInputEvents = YES;
				INFOPLIST_KEY_UILaunchScreen_Generation = YES;
				INFOPLIST_KEY_UISupportedInterfaceOrientations_iPad = "UIInterfaceOrientationPortrait UIInterfaceOrientationPortraitUpsideDown UIInterfaceOrientationLandscapeLeft UIInterfaceOrientationLandscapeRight";
				INFOPLIST_KEY_UISupportedInterfaceOrientations_iPhone = "UIInterfaceOrientationPortrait UIInterfaceOrientationLandscapeLeft UIInterfaceOrientationLandscapeRight";
				LD_RUNPATH_SEARCH_PATHS = (
					"$(inherited)",
					"@executable_path/Frameworks",
				);
				MARKETING_VERSION = 1.0;
				PRODUCT_BUNDLE_IDENTIFIER = com.yamakentoc.TryWidgetForLockScreen;
				PRODUCT_NAME = "$(TARGET_NAME)";
				SWIFT_EMIT_LOC_STRINGS = YES;
				SWIFT_VERSION = 5.0;
				TARGETED_DEVICE_FAMILY = "1,2";
			};
			name = Debug;
		};
		150015AC289812A900741C3E /* Release */ = {
			isa = XCBuildConfiguration;
			buildSettings = {
				ALWAYS_EMBED_SWIFT_STANDARD_LIBRARIES = YES;
				ASSETCATALOG_COMPILER_APPICON_NAME = AppIcon;
				ASSETCATALOG_COMPILER_GLOBAL_ACCENT_COLOR_NAME = AccentColor;
				CODE_SIGN_ENTITLEMENTS = TryWidgetForLockScreen/TryWidgetForLockScreen.entitlements;
				CODE_SIGN_STYLE = Automatic;
				CURRENT_PROJECT_VERSION = 1;
				DEVELOPMENT_ASSET_PATHS = "\"TryWidgetForLockScreen/Preview Content\"";
				DEVELOPMENT_TEAM = 65VW7XZNV5;
				ENABLE_PREVIEWS = YES;
				GENERATE_INFOPLIST_FILE = YES;
				INFOPLIST_KEY_UIApplicationSceneManifest_Generation = YES;
				INFOPLIST_KEY_UIApplicationSupportsIndirectInputEvents = YES;
				INFOPLIST_KEY_UILaunchScreen_Generation = YES;
				INFOPLIST_KEY_UISupportedInterfaceOrientations_iPad = "UIInterfaceOrientationPortrait UIInterfaceOrientationPortraitUpsideDown UIInterfaceOrientationLandscapeLeft UIInterfaceOrientationLandscapeRight";
				INFOPLIST_KEY_UISupportedInterfaceOrientations_iPhone = "UIInterfaceOrientationPortrait UIInterfaceOrientationLandscapeLeft UIInterfaceOrientationLandscapeRight";
				LD_RUNPATH_SEARCH_PATHS = (
					"$(inherited)",
					"@executable_path/Frameworks",
				);
				MARKETING_VERSION = 1.0;
				PRODUCT_BUNDLE_IDENTIFIER = com.yamakentoc.TryWidgetForLockScreen;
				PRODUCT_NAME = "$(TARGET_NAME)";
				SWIFT_EMIT_LOC_STRINGS = YES;
				SWIFT_VERSION = 5.0;
				TARGETED_DEVICE_FAMILY = "1,2";
			};
			name = Release;
		};
		150015C42898131F00741C3E /* Debug */ = {
			isa = XCBuildConfiguration;
			buildSettings = {
				ASSETCATALOG_COMPILER_GLOBAL_ACCENT_COLOR_NAME = AccentColor;
				ASSETCATALOG_COMPILER_WIDGET_BACKGROUND_COLOR_NAME = WidgetBackground;
				CODE_SIGN_ENTITLEMENTS = WidgetsExtension.entitlements;
				CODE_SIGN_STYLE = Automatic;
				CURRENT_PROJECT_VERSION = 1;
				DEVELOPMENT_TEAM = 65VW7XZNV5;
				GENERATE_INFOPLIST_FILE = YES;
				INFOPLIST_FILE = Widgets/Info.plist;
				INFOPLIST_KEY_CFBundleDisplayName = Widgets;
				INFOPLIST_KEY_NSHumanReadableCopyright = "";
				LD_RUNPATH_SEARCH_PATHS = (
					"$(inherited)",
					"@executable_path/Frameworks",
					"@executable_path/../../Frameworks",
				);
				MARKETING_VERSION = 1.0;
				PRODUCT_BUNDLE_IDENTIFIER = com.yamakentoc.TryWidgetForLockScreen.Widgets;
				PRODUCT_NAME = "$(TARGET_NAME)";
				SKIP_INSTALL = YES;
				SWIFT_EMIT_LOC_STRINGS = YES;
				SWIFT_VERSION = 5.0;
				TARGETED_DEVICE_FAMILY = "1,2";
			};
			name = Debug;
		};
		150015C52898131F00741C3E /* Release */ = {
			isa = XCBuildConfiguration;
			buildSettings = {
				ASSETCATALOG_COMPILER_GLOBAL_ACCENT_COLOR_NAME = AccentColor;
				ASSETCATALOG_COMPILER_WIDGET_BACKGROUND_COLOR_NAME = WidgetBackground;
				CODE_SIGN_ENTITLEMENTS = WidgetsExtension.entitlements;
				CODE_SIGN_STYLE = Automatic;
				CURRENT_PROJECT_VERSION = 1;
				DEVELOPMENT_TEAM = 65VW7XZNV5;
				GENERATE_INFOPLIST_FILE = YES;
				INFOPLIST_FILE = Widgets/Info.plist;
				INFOPLIST_KEY_CFBundleDisplayName = Widgets;
				INFOPLIST_KEY_NSHumanReadableCopyright = "";
				LD_RUNPATH_SEARCH_PATHS = (
					"$(inherited)",
					"@executable_path/Frameworks",
					"@executable_path/../../Frameworks",
				);
				MARKETING_VERSION = 1.0;
				PRODUCT_BUNDLE_IDENTIFIER = com.yamakentoc.TryWidgetForLockScreen.Widgets;
				PRODUCT_NAME = "$(TARGET_NAME)";
				SKIP_INSTALL = YES;
				SWIFT_EMIT_LOC_STRINGS = YES;
				SWIFT_VERSION = 5.0;
				TARGETED_DEVICE_FAMILY = "1,2";
			};
			name = Release;
		};
/* End XCBuildConfiguration section */

/* Begin XCConfigurationList section */
		15001597289812A800741C3E /* Build configuration list for PBXProject "TryWidgetForLockScreen" */ = {
			isa = XCConfigurationList;
			buildConfigurations = (
				150015A8289812A900741C3E /* Debug */,
				150015A9289812A900741C3E /* Release */,
			);
			defaultConfigurationIsVisible = 0;
			defaultConfigurationName = Release;
		};
		150015AA289812A900741C3E /* Build configuration list for PBXNativeTarget "TryWidgetForLockScreen" */ = {
			isa = XCConfigurationList;
			buildConfigurations = (
				150015AB289812A900741C3E /* Debug */,
				150015AC289812A900741C3E /* Release */,
			);
			defaultConfigurationIsVisible = 0;
			defaultConfigurationName = Release;
		};
		150015C32898131F00741C3E /* Build configuration list for PBXNativeTarget "WidgetsExtension" */ = {
			isa = XCConfigurationList;
			buildConfigurations = (
				150015C42898131F00741C3E /* Debug */,
				150015C52898131F00741C3E /* Release */,
			);
			defaultConfigurationIsVisible = 0;
			defaultConfigurationName = Release;
		};
/* End XCConfigurationList section */
	};
	rootObject = 15001594289812A800741C3E /* Project object */;
}
